
Microsoft Visual Studio Solution File, Format Version 12.00
# Visual Studio Version 17
VisualStudioVersion = 17.6.33815.320
MinimumVisualStudioVersion = 10.0.40219.1
Project("{9A19103F-16F7-4668-BE54-9A1E7A4F7556}") = "AcmeStudios.ApiRefactor", "AcmeStudios.ApiRefactor\AcmeStudios.ApiRefactor.csproj", "{DA45EFF5-471F-4270-B94F-C10DC04FFBC8}"
	ProjectSection(ProjectDependencies) = postProject
		{3A52FB25-551F-43C4-806A-B2EC704157BB} = {3A52FB25-551F-43C4-806A-B2EC704157BB}
	EndProjectSection
EndProject
Project("{54A90642-561A-4BB1-A94E-469ADEE60C69}") = "client", "client\client.esproj", "{3A52FB25-551F-43C4-806A-B2EC704157BB}"
EndProject
Global
	GlobalSection(SolutionConfigurationPlatforms) = preSolution
		Debug|Any CPU = Debug|Any CPU
		Release|Any CPU = Release|Any CPU
	EndGlobalSection
	GlobalSection(ProjectConfigurationPlatforms) = postSolution
		{DA45EFF5-471F-4270-B94F-C10DC04FFBC8}.Debug|Any CPU.ActiveCfg = Debug|Any CPU
		{DA45EFF5-471F-4270-B94F-C10DC04FFBC8}.Debug|Any CPU.Build.0 = Debug|Any CPU
		{DA45EFF5-471F-4270-B94F-C10DC04FFBC8}.Release|Any CPU.ActiveCfg = Release|Any CPU
		{DA45EFF5-471F-4270-B94F-C10DC04FFBC8}.Release|Any CPU.Build.0 = Release|Any CPU
		{3A52FB25-551F-43C4-806A-B2EC704157BB}.Debug|Any CPU.ActiveCfg = Debug|Any CPU
		{3A52FB25-551F-43C4-806A-B2EC704157BB}.Debug|Any CPU.Build.0 = Debug|Any CPU
		{3A52FB25-551F-43C4-806A-B2EC704157BB}.Debug|Any CPU.Deploy.0 = Debug|Any CPU
		{3A52FB25-551F-43C4-806A-B2EC704157BB}.Release|Any CPU.ActiveCfg = Release|Any CPU
		{3A52FB25-551F-43C4-806A-B2EC704157BB}.Release|Any CPU.Build.0 = Release|Any CPU
		{3A52FB25-551F-43C4-806A-B2EC704157BB}.Release|Any CPU.Deploy.0 = Release|Any CPU
	EndGlobalSection
	GlobalSection(SolutionProperties) = preSolution
		HideSolutionNode = FALSE
	EndGlobalSection
	GlobalSection(ExtensibilityGlobals) = postSolution
		SolutionGuid = {B7721D53-C417-4B52-A6DF-6ABADE716CB6}
	EndGlobalSection
EndGlobal
